
Microsoft Visual Studio Solution File, Format Version 12.00
# Visual Studio Version 17
VisualStudioVersion = 17.0.31903.59
MinimumVisualStudioVersion = 10.0.40219.1
Project("{2150E333-8FDC-42A3-9474-1A3956D46DE8}") = "Core", "Core", "{FBF56CC3-7AE6-AD2D-3F14-7F97FD322CD6}"
EndProject
Project("{FAE04EC0-301F-11D3-BF4B-00C04F79EFBC}") = "BetterDAM.Core", "Core\BetterDAM.Core\BetterDAM.Core.csproj", "{F55CE01F-1771-4156-A6C5-934AD8BE7C99}"
EndProject
Project("{FAE04EC0-301F-11D3-BF4B-00C04F79EFBC}") = "BetterDAM.Preview", "Preview\BetterDAM.Preview\BetterDAM.Preview.csproj", "{E141C383-16D9-4984-9347-FA28C2543391}"
EndProject
Project("{FAE04EC0-301F-11D3-BF4B-00C04F79EFBC}") = "BetterDAM.UI", "UI\BetterDAM.UI\BetterDAM.UI.csproj", "{0E612AF1-7F8B-4638-925A-0B8F0AF54F84}"
EndProject
Project("{FAE04EC0-301F-11D3-BF4B-00C04F79EFBC}") = "BetterDAM.Tests", "Tests\BetterDAM.Tests\BetterDAM.Tests.csproj", "{2532BEC7-B6F8-4519-B93F-7315485679BF}"
EndProject
Global
	GlobalSection(SolutionConfigurationPlatforms) = preSolution
		Debug|Any CPU = Debug|Any CPU
		Debug|x64 = Debug|x64
		Debug|x86 = Debug|x86
		Release|Any CPU = Release|Any CPU
		Release|x64 = Release|x64
		Release|x86 = Release|x86
	EndGlobalSection
	GlobalSection(ProjectConfigurationPlatforms) = postSolution
		{F55CE01F-1771-4156-A6C5-934AD8BE7C99}.Debug|Any CPU.ActiveCfg = Debug|Any CPU
		{F55CE01F-1771-4156-A6C5-934AD8BE7C99}.Debug|Any CPU.Build.0 = Debug|Any CPU
		{F55CE01F-1771-4156-A6C5-934AD8BE7C99}.Debug|x64.ActiveCfg = Debug|Any CPU
		{F55CE01F-1771-4156-A6C5-934AD8BE7C99}.Debug|x64.Build.0 = Debug|Any CPU
		{F55CE01F-1771-4156-A6C5-934AD8BE7C99}.Debug|x86.ActiveCfg = Debug|Any CPU
		{F55CE01F-1771-4156-A6C5-934AD8BE7C99}.Debug|x86.Build.0 = Debug|Any CPU
		{F55CE01F-1771-4156-A6C5-934AD8BE7C99}.Release|Any CPU.ActiveCfg = Release|Any CPU
		{F55CE01F-1771-4156-A6C5-934AD8BE7C99}.Release|Any CPU.Build.0 = Release|Any CPU
		{F55CE01F-1771-4156-A6C5-934AD8BE7C99}.Release|x64.ActiveCfg = Release|Any CPU
		{F55CE01F-1771-4156-A6C5-934AD8BE7C99}.Release|x64.Build.0 = Release|Any CPU
		{F55CE01F-1771-4156-A6C5-934AD8BE7C99}.Release|x86.ActiveCfg = Release|Any CPU
		{F55CE01F-1771-4156-A6C5-934AD8BE7C99}.Release|x86.Build.0 = Release|Any CPU
		{E141C383-16D9-4984-9347-FA28C2543391}.Debug|Any CPU.ActiveCfg = Debug|Any CPU
		{E141C383-16D9-4984-9347-FA28C2543391}.Debug|Any CPU.Build.0 = Debug|Any CPU
		{E141C383-16D9-4984-9347-FA28C2543391}.Debug|x64.ActiveCfg = Debug|Any CPU
		{E141C383-16D9-4984-9347-FA28C2543391}.Debug|x64.Build.0 = Debug|Any CPU
		{E141C383-16D9-4984-9347-FA28C2543391}.Debug|x86.ActiveCfg = Debug|Any CPU
		{E141C383-16D9-4984-9347-FA28C2543391}.Debug|x86.Build.0 = Debug|Any CPU
		{E141C383-16D9-4984-9347-FA28C2543391}.Release|Any CPU.ActiveCfg = Release|Any CPU
		{E141C383-16D9-4984-9347-FA28C2543391}.Release|Any CPU.Build.0 = Release|Any CPU
		{E141C383-16D9-4984-9347-FA28C2543391}.Release|x64.ActiveCfg = Release|Any CPU
		{E141C383-16D9-4984-9347-FA28C2543391}.Release|x64.Build.0 = Release|Any CPU
		{E141C383-16D9-4984-9347-FA28C2543391}.Release|x86.ActiveCfg = Release|Any CPU
		{E141C383-16D9-4984-9347-FA28C2543391}.Release|x86.Build.0 = Release|Any CPU
		{0E612AF1-7F8B-4638-925A-0B8F0AF54F84}.Debug|Any CPU.ActiveCfg = Debug|Any CPU
		{0E612AF1-7F8B-4638-925A-0B8F0AF54F84}.Debug|Any CPU.Build.0 = Debug|Any CPU
		{0E612AF1-7F8B-4638-925A-0B8F0AF54F84}.Debug|x64.ActiveCfg = Debug|Any CPU
		{0E612AF1-7F8B-4638-925A-0B8F0AF54F84}.Debug|x64.Build.0 = Debug|Any CPU
		{0E612AF1-7F8B-4638-925A-0B8F0AF54F84}.Debug|x86.ActiveCfg = Debug|Any CPU
		{0E612AF1-7F8B-4638-925A-0B8F0AF54F84}.Debug|x86.Build.0 = Debug|Any CPU
		{0E612AF1-7F8B-4638-925A-0B8F0AF54F84}.Release|Any CPU.ActiveCfg = Release|Any CPU
		{0E612AF1-7F8B-4638-925A-0B8F0AF54F84}.Release|Any CPU.Build.0 = Release|Any CPU
		{0E612AF1-7F8B-4638-925A-0B8F0AF54F84}.Release|x64.ActiveCfg = Release|Any CPU
		{0E612AF1-7F8B-4638-925A-0B8F0AF54F84}.Release|x64.Build.0 = Release|Any CPU
		{0E612AF1-7F8B-4638-925A-0B8F0AF54F84}.Release|x86.ActiveCfg = Release|Any CPU
		{0E612AF1-7F8B-4638-925A-0B8F0AF54F84}.Release|x86.Build.0 = Release|Any CPU
		{2532BEC7-B6F8-4519-B93F-7315485679BF}.Debug|Any CPU.ActiveCfg = Debug|Any CPU
		{2532BEC7-B6F8-4519-B93F-7315485679BF}.Debug|Any CPU.Build.0 = Debug|Any CPU
		{2532BEC7-B6F8-4519-B93F-7315485679BF}.Debug|x64.ActiveCfg = Debug|Any CPU
		{2532BEC7-B6F8-4519-B93F-7315485679BF}.Debug|x64.Build.0 = Debug|Any CPU
		{2532BEC7-B6F8-4519-B93F-7315485679BF}.Debug|x86.ActiveCfg = Debug|Any CPU
		{2532BEC7-B6F8-4519-B93F-7315485679BF}.Debug|x86.Build.0 = Debug|Any CPU
		{2532BEC7-B6F8-4519-B93F-7315485679BF}.Release|Any CPU.ActiveCfg = Release|Any CPU
		{2532BEC7-B6F8-4519-B93F-7315485679BF}.Release|Any CPU.Build.0 = Release|Any CPU
		{2532BEC7-B6F8-4519-B93F-7315485679BF}.Release|x64.ActiveCfg = Release|Any CPU
		{2532BEC7-B6F8-4519-B93F-7315485679BF}.Release|x64.Build.0 = Release|Any CPU
		{2532BEC7-B6F8-4519-B93F-7315485679BF}.Release|x86.ActiveCfg = Release|Any CPU
		{2532BEC7-B6F8-4519-B93F-7315485679BF}.Release|x86.Build.0 = Release|Any CPU
	EndGlobalSection
	GlobalSection(SolutionProperties) = preSolution
		HideSolutionNode = FALSE
	EndGlobalSection
	GlobalSection(NestedProjects) = preSolution
		{F55CE01F-1771-4156-A6C5-934AD8BE7C99} = {FBF56CC3-7AE6-AD2D-3F14-7F97FD322CD6}
		{E141C383-16D9-4984-9347-FA28C2543391} = {FBF56CC3-7AE6-AD2D-3F14-7F97FD322CD6}
		{0E612AF1-7F8B-4638-925A-0B8F0AF54F84} = {FBF56CC3-7AE6-AD2D-3F14-7F97FD322CD6}
		{2532BEC7-B6F8-4519-B93F-7315485679BF} = {FBF56CC3-7AE6-AD2D-3F14-7F97FD322CD6}
	EndGlobalSection
EndGlobal
